{
  "name": "Ski-Free",
  "lockfileVersion": 3,
  "requires": true,
  "packages": {
    "": {
      "dependencies": {
        "kaboom": "^3000.0.2"
      }
    },
    "node_modules/kaboom": {
      "version": "3000.0.2",
      "resolved": "https://registry.npmjs.org/kaboom/-/kaboom-3000.0.2.tgz",
      "integrity": "sha512-M0JlNo01DLPuzBswGtrfde8Rtx/dfWzx1UTXt8d0ksoESwQyYPZsjfySaUSrSYu7rYUf+3rUEvWSaenlPcoJ/Q=="
    }
  }
}
